
Microsoft Visual Studio Solution File, Format Version 12.00
# Visual Studio Version 16
VisualStudioVersion = 16.0.31410.223
MinimumVisualStudioVersion = 10.0.40219.1
Project("{2150E333-8FDC-42A3-9474-1A3956D46DE8}") = "Presentation", "Presentation", "{75C761F5-9C78-494E-8E4D-B51FD7B89B1E}"
EndProject
Project("{2150E333-8FDC-42A3-9474-1A3956D46DE8}") = "Domain", "Domain", "{75D03399-8EEB-424A-80FB-9EC38FF10797}"
EndProject
Project("{2150E333-8FDC-42A3-9474-1A3956D46DE8}") = "Infra", "Infra", "{3964A550-E533-439F-A7E3-84EA5626F64C}"
EndProject
Project("{2150E333-8FDC-42A3-9474-1A3956D46DE8}") = "DataAcess", "DataAcess", "{C6A2ED8F-2563-4A7D-A83B-321560F9FED9}"
EndProject
Project("{9A19103F-16F7-4668-BE54-9A1E7A4F7556}") = "CellRepository.Infra.DataAcess", "CellRepository.Infra.DataAcess\CellRepository.Infra.DataAcess.csproj", "{D496DDA4-2DBD-4686-AB9A-6EA55F8F0694}"
EndProject
Project("{9A19103F-16F7-4668-BE54-9A1E7A4F7556}") = "CellRepository.Domain", "CellRepository.Domain\CellRepository.Domain.csproj", "{9629C144-BC7D-4513-BBBE-727EE7222052}"
EndProject
Project("{2150E333-8FDC-42A3-9474-1A3956D46DE8}") = "DomainServices", "DomainServices", "{8263338D-6230-4A06-B286-D275EF02E5D8}"
EndProject
Project("{9A19103F-16F7-4668-BE54-9A1E7A4F7556}") = "CellRepository.DomainServices", "CellRepository.Services\CellRepository.DomainServices.csproj", "{B2809925-6152-4793-B9A7-2FFB632126D4}"
EndProject
Project("{2150E333-8FDC-42A3-9474-1A3956D46DE8}") = "Models", "Models", "{29F29B6C-562B-452D-ABDD-639ACCEC7731}"
EndProject
Project("{9A19103F-16F7-4668-BE54-9A1E7A4F7556}") = "CellRepository.Infra.Models", "CellRepository.Models\CellRepository.Infra.Models.csproj", "{9BCA279E-2AC3-4445-96B5-8E47990A0D23}"
EndProject
Project("{2150E333-8FDC-42A3-9474-1A3956D46DE8}") = "Mappings", "Mappings", "{213BF53F-1DAE-4725-9C16-CA7CB4AAF806}"
EndProject
Project("{9A19103F-16F7-4668-BE54-9A1E7A4F7556}") = "CellRepository.Infra.Mappings", "CellRepository.Infra.Mappings\CellRepository.Infra.Mappings.csproj", "{411DB8E1-9B59-47A1-9120-192347393E3B}"
EndProject
Project("{2150E333-8FDC-42A3-9474-1A3956D46DE8}") = "Api", "Api", "{608C72D9-B1D8-4412-9D01-0FA5968E8081}"
EndProject
Project("{9A19103F-16F7-4668-BE54-9A1E7A4F7556}") = "SmartphoneApi", "SmartphoneApi\SmartphoneApi.csproj", "{61C3D71E-F898-4E3D-A491-EC756E45EBEA}"
EndProject
Project("{2150E333-8FDC-42A3-9474-1A3956D46DE8}") = "ApplicationService", "ApplicationService", "{29C4F156-61FB-4563-A409-0BB8EAD3B2B9}"
EndProject
Project("{9A19103F-16F7-4668-BE54-9A1E7A4F7556}") = "CellRepository.ApplicationService", "CellRepository.Application\CellRepository.ApplicationService.csproj", "{3085FBD0-CCFD-43C3-821F-B414A68D87C2}"
EndProject
Project("{2150E333-8FDC-42A3-9474-1A3956D46DE8}") = "DependencyInjection", "DependencyInjection", "{FFAC5981-9291-4403-93B8-15AA3F6FE2B7}"
EndProject
Project("{9A19103F-16F7-4668-BE54-9A1E7A4F7556}") = "CellRepository.DepencyInjection", "CellRepository.DepencyInjection\CellRepository.DepencyInjection.csproj", "{8F434CBD-1212-4640-AB4C-0ACE929824EC}"
EndProject
Project("{2150E333-8FDC-42A3-9474-1A3956D46DE8}") = "Shared", "Shared", "{0476E9B5-F0A4-4970-902E-19790CFC7C9A}"
EndProject
Project("{9A19103F-16F7-4668-BE54-9A1E7A4F7556}") = "CellRepository.Shared", "CellRepository.Generics\CellRepository.Shared.csproj", "{164D550D-FB05-4F4A-A27B-C400CBCF9387}"
EndProject
Project("{2150E333-8FDC-42A3-9474-1A3956D46DE8}") = "Tests", "Tests", "{C763D918-F900-4390-9C14-0A9EC3DE7F5F}"
EndProject
Project("{FAE04EC0-301F-11D3-BF4B-00C04F79EFBC}") = "CellPresentation", "CellPresentation\CellPresentation.csproj", "{2479CCEE-61C8-4571-A044-C507401A4BFF}"
EndProject
Global
	GlobalSection(SolutionConfigurationPlatforms) = preSolution
		Debug|Any CPU = Debug|Any CPU
		Release|Any CPU = Release|Any CPU
	EndGlobalSection
	GlobalSection(ProjectConfigurationPlatforms) = postSolution
		{D496DDA4-2DBD-4686-AB9A-6EA55F8F0694}.Debug|Any CPU.ActiveCfg = Debug|Any CPU
		{D496DDA4-2DBD-4686-AB9A-6EA55F8F0694}.Debug|Any CPU.Build.0 = Debug|Any CPU
		{D496DDA4-2DBD-4686-AB9A-6EA55F8F0694}.Release|Any CPU.ActiveCfg = Release|Any CPU
		{D496DDA4-2DBD-4686-AB9A-6EA55F8F0694}.Release|Any CPU.Build.0 = Release|Any CPU
		{9629C144-BC7D-4513-BBBE-727EE7222052}.Debug|Any CPU.ActiveCfg = Debug|Any CPU
		{9629C144-BC7D-4513-BBBE-727EE7222052}.Debug|Any CPU.Build.0 = Debug|Any CPU
		{9629C144-BC7D-4513-BBBE-727EE7222052}.Release|Any CPU.ActiveCfg = Release|Any CPU
		{9629C144-BC7D-4513-BBBE-727EE7222052}.Release|Any CPU.Build.0 = Release|Any CPU
		{B2809925-6152-4793-B9A7-2FFB632126D4}.Debug|Any CPU.ActiveCfg = Debug|Any CPU
		{B2809925-6152-4793-B9A7-2FFB632126D4}.Debug|Any CPU.Build.0 = Debug|Any CPU
		{B2809925-6152-4793-B9A7-2FFB632126D4}.Release|Any CPU.ActiveCfg = Release|Any CPU
		{B2809925-6152-4793-B9A7-2FFB632126D4}.Release|Any CPU.Build.0 = Release|Any CPU
		{9BCA279E-2AC3-4445-96B5-8E47990A0D23}.Debug|Any CPU.ActiveCfg = Debug|Any CPU
		{9BCA279E-2AC3-4445-96B5-8E47990A0D23}.Debug|Any CPU.Build.0 = Debug|Any CPU
		{9BCA279E-2AC3-4445-96B5-8E47990A0D23}.Release|Any CPU.ActiveCfg = Release|Any CPU
		{9BCA279E-2AC3-4445-96B5-8E47990A0D23}.Release|Any CPU.Build.0 = Release|Any CPU
		{411DB8E1-9B59-47A1-9120-192347393E3B}.Debug|Any CPU.ActiveCfg = Debug|Any CPU
		{411DB8E1-9B59-47A1-9120-192347393E3B}.Debug|Any CPU.Build.0 = Debug|Any CPU
		{411DB8E1-9B59-47A1-9120-192347393E3B}.Release|Any CPU.ActiveCfg = Release|Any CPU
		{411DB8E1-9B59-47A1-9120-192347393E3B}.Release|Any CPU.Build.0 = Release|Any CPU
		{61C3D71E-F898-4E3D-A491-EC756E45EBEA}.Debug|Any CPU.ActiveCfg = Debug|Any CPU
		{61C3D71E-F898-4E3D-A491-EC756E45EBEA}.Debug|Any CPU.Build.0 = Debug|Any CPU
		{61C3D71E-F898-4E3D-A491-EC756E45EBEA}.Release|Any CPU.ActiveCfg = Release|Any CPU
		{61C3D71E-F898-4E3D-A491-EC756E45EBEA}.Release|Any CPU.Build.0 = Release|Any CPU
		{3085FBD0-CCFD-43C3-821F-B414A68D87C2}.Debug|Any CPU.ActiveCfg = Debug|Any CPU
		{3085FBD0-CCFD-43C3-821F-B414A68D87C2}.Debug|Any CPU.Build.0 = Debug|Any CPU
		{3085FBD0-CCFD-43C3-821F-B414A68D87C2}.Release|Any CPU.ActiveCfg = Release|Any CPU
		{3085FBD0-CCFD-43C3-821F-B414A68D87C2}.Release|Any CPU.Build.0 = Release|Any CPU
		{8F434CBD-1212-4640-AB4C-0ACE929824EC}.Debug|Any CPU.ActiveCfg = Debug|Any CPU
		{8F434CBD-1212-4640-AB4C-0ACE929824EC}.Debug|Any CPU.Build.0 = Debug|Any CPU
		{8F434CBD-1212-4640-AB4C-0ACE929824EC}.Release|Any CPU.ActiveCfg = Release|Any CPU
		{8F434CBD-1212-4640-AB4C-0ACE929824EC}.Release|Any CPU.Build.0 = Release|Any CPU
		{164D550D-FB05-4F4A-A27B-C400CBCF9387}.Debug|Any CPU.ActiveCfg = Debug|Any CPU
		{164D550D-FB05-4F4A-A27B-C400CBCF9387}.Debug|Any CPU.Build.0 = Debug|Any CPU
		{164D550D-FB05-4F4A-A27B-C400CBCF9387}.Release|Any CPU.ActiveCfg = Release|Any CPU
		{164D550D-FB05-4F4A-A27B-C400CBCF9387}.Release|Any CPU.Build.0 = Release|Any CPU
		{2479CCEE-61C8-4571-A044-C507401A4BFF}.Debug|Any CPU.ActiveCfg = Debug|Any CPU
		{2479CCEE-61C8-4571-A044-C507401A4BFF}.Debug|Any CPU.Build.0 = Debug|Any CPU
		{2479CCEE-61C8-4571-A044-C507401A4BFF}.Release|Any CPU.ActiveCfg = Release|Any CPU
		{2479CCEE-61C8-4571-A044-C507401A4BFF}.Release|Any CPU.Build.0 = Release|Any CPU
	EndGlobalSection
	GlobalSection(SolutionProperties) = preSolution
		HideSolutionNode = FALSE
	EndGlobalSection
	GlobalSection(NestedProjects) = preSolution
		{C6A2ED8F-2563-4A7D-A83B-321560F9FED9} = {3964A550-E533-439F-A7E3-84EA5626F64C}
		{D496DDA4-2DBD-4686-AB9A-6EA55F8F0694} = {C6A2ED8F-2563-4A7D-A83B-321560F9FED9}
		{9629C144-BC7D-4513-BBBE-727EE7222052} = {75D03399-8EEB-424A-80FB-9EC38FF10797}
		{B2809925-6152-4793-B9A7-2FFB632126D4} = {8263338D-6230-4A06-B286-D275EF02E5D8}
		{29F29B6C-562B-452D-ABDD-639ACCEC7731} = {3964A550-E533-439F-A7E3-84EA5626F64C}
		{9BCA279E-2AC3-4445-96B5-8E47990A0D23} = {29F29B6C-562B-452D-ABDD-639ACCEC7731}
		{213BF53F-1DAE-4725-9C16-CA7CB4AAF806} = {3964A550-E533-439F-A7E3-84EA5626F64C}
		{411DB8E1-9B59-47A1-9120-192347393E3B} = {213BF53F-1DAE-4725-9C16-CA7CB4AAF806}
		{61C3D71E-F898-4E3D-A491-EC756E45EBEA} = {608C72D9-B1D8-4412-9D01-0FA5968E8081}
		{3085FBD0-CCFD-43C3-821F-B414A68D87C2} = {29C4F156-61FB-4563-A409-0BB8EAD3B2B9}
		{FFAC5981-9291-4403-93B8-15AA3F6FE2B7} = {3964A550-E533-439F-A7E3-84EA5626F64C}
		{8F434CBD-1212-4640-AB4C-0ACE929824EC} = {FFAC5981-9291-4403-93B8-15AA3F6FE2B7}
		{164D550D-FB05-4F4A-A27B-C400CBCF9387} = {0476E9B5-F0A4-4970-902E-19790CFC7C9A}
		{2479CCEE-61C8-4571-A044-C507401A4BFF} = {75C761F5-9C78-494E-8E4D-B51FD7B89B1E}
	EndGlobalSection
	GlobalSection(ExtensibilityGlobals) = postSolution
		SolutionGuid = {4D310F85-3AB8-4F61-8785-4205B77F4C18}
	EndGlobalSection
EndGlobal
